
Microsoft Visual Studio Solution File, Format Version 12.00
# Visual Studio 15
VisualStudioVersion = 15.0.27004.2009
MinimumVisualStudioVersion = 10.0.40219.1
Project("{FAE04EC0-301F-11D3-BF4B-00C04F79EFBC}") = "Aplicación", "Aplicación\Aplicación.csproj", "{59316EA7-96B3-4F69-956D-59865D3D15D1}"
EndProject
Project("{FAE04EC0-301F-11D3-BF4B-00C04F79EFBC}") = "Negocio", "Negocio\Negocio.csproj", "{C5F057FF-2965-46FD-AE89-C04D84D62365}"
EndProject
Project("{FAE04EC0-301F-11D3-BF4B-00C04F79EFBC}") = "DataBase", "DataBase\DataBase.csproj", "{A5A58A98-25D7-4C20-96CE-B1FB92FB3FBF}"
EndProject
Global
	GlobalSection(SolutionConfigurationPlatforms) = preSolution
		Debug|Any CPU = Debug|Any CPU
		Release|Any CPU = Release|Any CPU
	EndGlobalSection
	GlobalSection(ProjectConfigurationPlatforms) = postSolution
		{59316EA7-96B3-4F69-956D-59865D3D15D1}.Debug|Any CPU.ActiveCfg = Debug|Any CPU
		{59316EA7-96B3-4F69-956D-59865D3D15D1}.Debug|Any CPU.Build.0 = Debug|Any CPU
		{59316EA7-96B3-4F69-956D-59865D3D15D1}.Release|Any CPU.ActiveCfg = Release|Any CPU
		{59316EA7-96B3-4F69-956D-59865D3D15D1}.Release|Any CPU.Build.0 = Release|Any CPU
		{C5F057FF-2965-46FD-AE89-C04D84D62365}.Debug|Any CPU.ActiveCfg = Debug|Any CPU
		{C5F057FF-2965-46FD-AE89-C04D84D62365}.Debug|Any CPU.Build.0 = Debug|Any CPU
		{C5F057FF-2965-46FD-AE89-C04D84D62365}.Release|Any CPU.ActiveCfg = Release|Any CPU
		{C5F057FF-2965-46FD-AE89-C04D84D62365}.Release|Any CPU.Build.0 = Release|Any CPU
		{A5A58A98-25D7-4C20-96CE-B1FB92FB3FBF}.Debug|Any CPU.ActiveCfg = Debug|Any CPU
		{A5A58A98-25D7-4C20-96CE-B1FB92FB3FBF}.Debug|Any CPU.Build.0 = Debug|Any CPU
		{A5A58A98-25D7-4C20-96CE-B1FB92FB3FBF}.Release|Any CPU.ActiveCfg = Release|Any CPU
		{A5A58A98-25D7-4C20-96CE-B1FB92FB3FBF}.Release|Any CPU.Build.0 = Release|Any CPU
	EndGlobalSection
	GlobalSection(SolutionProperties) = preSolution
		HideSolutionNode = FALSE
	EndGlobalSection
	GlobalSection(ExtensibilityGlobals) = postSolution
		SolutionGuid = {CEC3C93F-8684-49F2-9944-8898163C7C9F}
	EndGlobalSection
EndGlobal
